{
    "_meta": {
        "hash": {
            "sha256": "ac79f3950af453d0273a682219649c27b2724a536a82376126fe91defc38cfd8"
        },
        "pipfile-spec": 6,
        "requires": {
            "python_version": "3.7"
        },
        "sources": [
            {
                "name": "pypi",
                "url": "https://pypi.python.org/simple",
                "verify_ssl": true
            }
        ]
    },
    "default": {
        "aiohttp": {
            "hashes": [
                "sha256:0419705a36b43c0ac6f15469f9c2a08cad5c939d78bd12a5c23ea167c8253b2b",
                "sha256:1812fc4bc6ac1bde007daa05d2d0f61199324e0cc893b11523e646595047ca08",
                "sha256:2214b5c0153f45256d5d52d1e0cafe53f9905ed035a142191727a5fb620c03dd",
                "sha256:275909137f0c92c61ba6bb1af856a522d5546f1de8ea01e4e726321c697754ac",
                "sha256:3983611922b561868428ea1e7269e757803713f55b53502423decc509fef1650",
                "sha256:51afec6ffa50a9da4cdef188971a802beb1ca8e8edb40fa429e5e529db3475fa",
                "sha256:589f2ec8a101a0f340453ee6945bdfea8e1cd84c8d88e5be08716c34c0799d95",
                "sha256:789820ddc65e1f5e71516adaca2e9022498fa5a837c79ba9c692a9f8f916c330",
                "sha256:7a968a0bdaaf9abacc260911775611c9a602214a23aeb846f2eb2eeaa350c4dc",
                "sha256:7aeefbed253f59ea39e70c5848de42ed85cb941165357fc7e87ab5d8f1f9592b",
                "sha256:7b2eb55c66512405103485bd7d285a839d53e7fdc261ab20e5bcc51d7aaff5de",
                "sha256:87bc95d3d333bb689c8d755b4a9d7095a2356108002149523dfc8e607d5d32a4",
                "sha256:9d80e40db208e29168d3723d1440ecbb06054d349c5ece6a2c5a611490830dd7",
                "sha256:a1b442195c2a77d33e4dbee67c9877ccbdd3a1f686f91eb479a9577ed8cc326b",
                "sha256:ab3d769413b322d6092f169f316f7b21cd261a7589f7e31db779d5731b0480d8",
                "sha256:b066d3dec5d0f5aee6e34e5765095dc3d6d78ef9839640141a2b20816a0642bd",
                "sha256:b24e7845ae8de3e388ef4bcfcf7f96b05f52c8e633b33cf8003a6b1d726fc7c2",
                "sha256:c59a953c3f8524a7c86eaeaef5bf702555be12f5668f6384149fe4bb75c52698",
                "sha256:cf2cc6c2c10d242790412bea7ccf73726a9a44b4c4b073d2699ef3b48971fd95",
                "sha256:e0c9c8d4150ae904f308ff27b35446990d2b1dfc944702a21925937e937394c6",
                "sha256:f1839db4c2b08a9c8f9788112644f8a8557e8e0ecc77b07091afabb941dc55d0",
                "sha256:f3df52362be39908f9c028a65490fae0475e4898b43a03d8aa29d1e765b45e07"
            ],
            "index": "pypi",
            "version": "==3.4.4"
        },
        "alembic": {
            "hashes": [
                "sha256:0fe570f23dc48fb1bbda6f6a396f1c0c28d7045c0ad14018c104a511e6c1fe8a"
            ],
            "index": "pypi",
            "version": "==1.0.1"
        },
        "aniso8601": {
            "hashes": [
                "sha256:547e7bc88c19742e519fb4ca39f4b8113fdfb8fca322e325f16a8bfc6cfc553c",
                "sha256:e7560de91bf00baa712b2550a2fdebf0188c5fce2fcd1162fbac75c19bb29c95"
            ],
            "version": "==4.0.1"
        },
        "async-timeout": {
            "hashes": [
                "sha256:0c3c816a028d47f659d6ff5c745cb2acf1f966da1fe5c19c77a70282b25f4c5f",
                "sha256:4291ca197d287d274d0b6cb5d6f8f8f82d434ed288f962539ff18cc9012f9ea3"
            ],
            "markers": "python_version >= '3.5.3'",
            "version": "==3.0.1"
        },
        "attrs": {
            "hashes": [
                "sha256:10cbf6e27dbce8c30807caf056c8eb50917e0eaafe86347671b57254006c3e69",
                "sha256:ca4be454458f9dec299268d472aaa5a11f67a4ff70093396e1ceae9c76cf4bbb"
            ],
            "version": "==18.2.0"
        },
        "babel": {
            "hashes": [
                "sha256:6778d85147d5d85345c14a26aada5e478ab04e39b078b0745ee6870c2b5cf669",
                "sha256:8cba50f48c529ca3fa18cf81fa9403be176d374ac4d60738b839122dfaaa3d23"
            ],
            "version": "==2.6.0"
        },
        "beautifulsoup4": {
            "hashes": [
                "sha256:194ec62a25438adcb3fdb06378b26559eda1ea8a747367d34c33cef9c7f48d57",
                "sha256:90f8e61121d6ae58362ce3bed8cd997efb00c914eae0ff3d363c32f9a9822d10",
                "sha256:f0abd31228055d698bb392a826528ea08ebb9959e6bea17c606fd9c9009db938"
            ],
            "index": "pypi",
            "version": "==4.6.3"
        },
        "blinker": {
            "hashes": [
                "sha256:471aee25f3992bd325afa3772f1063dbdbbca947a041b8b89466dc00d606f8b6"
            ],
            "version": "==1.4"
        },
        "certifi": {
            "hashes": [
                "sha256:339dc09518b07e2fa7eda5450740925974815557727d6bd35d319c1524a04a4c",
                "sha256:6d58c986d22b038c8c0df30d639f23a3e6d172a05c3583e766f4c0b785c0986a"
            ],
            "version": "==2018.10.15"
        },
        "chardet": {
            "hashes": [
                "sha256:84ab92ed1c4d4f16916e05906b6b75a6c0fb5db821cc65e70cbd64a3e2a5eaae",
                "sha256:fc323ffcaeaed0e0a02bf4d117757b98aed530d9ed4531e3e15460124c106691"
            ],
            "index": "pypi",
            "version": "==3.0.4"
        },
        "click": {
            "hashes": [
                "sha256:2335065e6395b9e67ca716de5f7526736bfa6ceead690adf616d925bdc622b13",
                "sha256:5b94b49521f6456670fdb30cd82a4eca9412788a93fa6dd6df72c94d5a8ff2d7"
            ],
            "markers": "python_version >= '2.7' and python_version != '3.1.*' and python_version != '3.2.*' and python_version != '3.3.*' and python_version != '3.0.*'",
            "version": "==7.0"
        },
        "feedparser": {
            "hashes": [
                "sha256:bd030652c2d08532c034c27fcd7c85868e7fa3cb2b17f230a44a6bbc92519bf9",
                "sha256:cd2485472e41471632ed3029d44033ee420ad0b57111db95c240c9160a85831c",
                "sha256:ce875495c90ebd74b179855449040003a1beb40cd13d5f037a0654251e260b02"
            ],
            "index": "pypi",
            "version": "==5.2.1"
        },
        "flask": {
            "hashes": [
                "sha256:2271c0070dbcb5275fad4a82e29f23ab92682dc45f9dfbc22c02ba9b9322ce48",
                "sha256:a080b744b7e345ccfcbc77954861cb05b3c63786e93f2b3875e0913d44b43f05"
            ],
            "index": "pypi",
            "version": "==1.0.2"
        },
        "flask-babel": {
            "hashes": [
                "sha256:316ad183e42003f3922957fa643d0a1e8e34a0f0301a88c3a8f605bc37ba5c86"
            ],
            "index": "pypi",
            "version": "==0.12.2"
        },
        "flask-login": {
            "hashes": [
                "sha256:c815c1ac7b3e35e2081685e389a665f2c74d7e077cb93cecabaea352da4752ec"
            ],
            "index": "pypi",
            "version": "==0.4.1"
        },
        "flask-migrate": {
            "hashes": [
                "sha256:a25b3d2d2bb0f0724f104afbadae888a4b942e7221b451f720c69698d4863da7",
                "sha256:cb7d7b37feb68e3a8769aaf7a3954ecbdcd9bdeef8f21cede9eaa07c813f8af9"
            ],
            "index": "pypi",
            "version": "==2.3.0"
        },
        "flask-paginate": {
            "hashes": [
                "sha256:b68e8d7664419ad53728514139811bce9c3f2e56199a6c057ef4c08f9f35f35d"
            ],
            "index": "pypi",
            "version": "==0.5.1"
        },
        "flask-principal": {
            "hashes": [
                "sha256:f5d6134b5caebfdbb86f32d56d18ee44b080876a27269560a96ea35f75c99453"
            ],
            "index": "pypi",
            "version": "==0.4.0"
        },
        "flask-restful": {
            "hashes": [
                "sha256:5795519501347e108c436b693ff9a4d7b373a3ac9069627d64e4001c05dd3407",
                "sha256:e2f1b8063de3944b94c7f8be5cee4d2161db0267c54c5b757d875295061776fa"
            ],
            "index": "pypi",
            "version": "==0.3.6"
        },
        "flask-restless": {
            "hashes": [
                "sha256:1de47fe80abd47239c9a1804e0ba5da1d23b9f40cfc26202d16bed37f178c2b6"
            ],
            "index": "pypi",
            "version": "==0.17.0"
        },
        "flask-script": {
            "hashes": [
                "sha256:6425963d91054cfcc185807141c7314a9c5ad46325911bd24dcb489bd0161c65"
            ],
            "index": "pypi",
            "version": "==2.0.6"
        },
        "flask-sqlalchemy": {
            "hashes": [
                "sha256:3bc0fac969dd8c0ace01b32060f0c729565293302f0c4269beed154b46bec50b",
                "sha256:5971b9852b5888655f11db634e87725a9031e170f37c0ce7851cf83497f56e53"
            ],
            "index": "pypi",
            "version": "==2.3.2"
        },
        "flask-sslify": {
            "hashes": [
                "sha256:d33e1d3c09cd95154176aa8a7319418e52129fc482dd56d8a8ad7c24500d543e"
            ],
            "index": "pypi",
            "version": "==0.1.5"
        },
        "flask-wtf": {
            "hashes": [
                "sha256:5d14d55cfd35f613d99ee7cba0fc3fbbe63ba02f544d349158c14ca15561cc36",
                "sha256:d9a9e366b32dcbb98ef17228e76be15702cd2600675668bca23f63a7947fd5ac"
            ],
            "index": "pypi",
            "version": "==0.14.2"
        },
        "idna": {
            "hashes": [
                "sha256:156a6814fb5ac1fc6850fb002e0852d56c0c8d2531923a51032d1b70760e186e",
                "sha256:684a38a6f903c1d71d6d5fac066b58d7768af4de2b832e426ec79c30daa94a16"
            ],
            "version": "==2.7"
        },
        "idna-ssl": {
            "hashes": [
                "sha256:a933e3bb13da54383f9e8f35dc4f9cb9eb9b3b78c6b36f311254d6d0d92c6c7c"
            ],
            "markers": "python_version < '3.7'",
            "version": "==1.1.0"
        },
        "itsdangerous": {
            "hashes": [
                "sha256:321b033d07f2a4136d3ec762eac9f16a10ccd60f53c0c91af90217ace7ba1f19",
                "sha256:b12271b2047cb23eeb98c8b5622e2e5c5e9abd9784a153e9d8ef9cb4dd09d749"
            ],
            "markers": "python_version != '3.3.*' and python_version != '3.2.*' and python_version >= '2.7' and python_version != '3.1.*' and python_version != '3.0.*'",
            "version": "==1.1.0"
        },
        "jinja2": {
            "hashes": [
                "sha256:74c935a1b8bb9a3947c50a54766a969d4846290e1e788ea44c1392163723c3bd",
                "sha256:f84be1bb0040caca4cea721fcbbbbd61f9be9464ca236387158b0feea01914a4"
            ],
            "version": "==2.10"
        },
        "lxml": {
            "hashes": [
                "sha256:02bc220d61f46e9b9d5a53c361ef95e9f5e1d27171cd461dddb17677ae2289a5",
                "sha256:22f253b542a342755f6cfc047fe4d3a296515cf9b542bc6e261af45a80b8caf6",
                "sha256:2f31145c7ff665b330919bfa44aacd3a0211a76ca7e7b441039d2a0b0451e415",
                "sha256:36720698c29e7a9626a0dc802ef8885f8f0239bfd1689628ecd459a061f2807f",
                "sha256:438a1b0203545521f6616132bfe0f4bca86f8a401364008b30e2b26ec408ce85",
                "sha256:4815892904c336bbaf73dafd54f45f69f4021c22b5bad7332176bbf4fb830568",
                "sha256:5be031b0f15ad63910d8e5038b489d95a79929513b3634ad4babf77100602588",
                "sha256:5c93ae37c3c588e829b037fdfbd64a6e40c901d3f93f7beed6d724c44829a3ad",
                "sha256:60842230678674cdac4a1cf0f707ef12d75b9a4fc4a565add4f710b5fcf185d5",
                "sha256:62939a8bb6758d1bf923aa1c13f0bcfa9bf5b2fc0f5fa917a6e25db5fe0cfa4e",
                "sha256:75830c06a62fe7b8fe3bbb5f269f0b308f19f3949ac81cfd40062f47c1455faf",
                "sha256:81992565b74332c7c1aff6a913a3e906771aa81c9d0c68c68113cffcae45bc53",
                "sha256:8c892fb0ee52c594d9a7751c7d7356056a9682674b92cc1c4dc968ff0f30c52f",
                "sha256:9d862e3cf4fc1f2837dedce9c42269c8c76d027e49820a548ac89fdcee1e361f",
                "sha256:a623965c086a6e91bb703d4da62dabe59fe88888e82c4117d544e11fd74835d6",
                "sha256:a7783ab7f6a508b0510490cef9f857b763d796ba7476d9703f89722928d1e113",
                "sha256:aab09fbe8abfa3b9ce62aaf45aca2d28726b1b9ee44871dbe644050a2fff4940",
                "sha256:abf181934ac3ef193832fb973fd7f6149b5c531903c2ec0f1220941d73eee601",
                "sha256:ae07fa0c115733fce1e9da96a3ac3fa24801742ca17e917e0c79d63a01eeb843",
                "sha256:b9c78242219f674ab645ec571c9a95d70f381319a23911941cd2358a8e0521cf",
                "sha256:bccb267678b870d9782c3b44d0cefe3ba0e329f9af8c946d32bf3778e7a4f271",
                "sha256:c4df4d27f4c93b2cef74579f00b1d3a31a929c7d8023f870c4b476f03a274db4",
                "sha256:caf0e50b546bb60dfa99bb18dfa6748458a83131ecdceaf5c071d74907e7e78a",
                "sha256:d3266bd3ac59ac4edcd5fa75165dee80b94a3e5c91049df5f7c057ccf097551c",
                "sha256:db0d213987bcd4e6d41710fb4532b22315b0d8fb439ff901782234456556aed1",
                "sha256:dbbd5cf7690a40a9f0a9325ab480d0fccf46d16b378eefc08e195d84299bfae1",
                "sha256:e16e07a0ec3a75b5ee61f2b1003c35696738f937dc8148fbda9fe2147ccb6e61",
                "sha256:e175a006725c7faadbe69e791877d09936c0ef2cf49d01b60a6c1efcb0e8be6f",
                "sha256:edd9c13a97f6550f9da2236126bb51c092b3b1ce6187f2bd966533ad794bbb5e",
                "sha256:fa39ea60d527fbdd94215b5e5552f1c6a912624521093f1384a491a8ad89ad8b"
            ],
            "index": "pypi",
            "version": "==4.2.5"
        },
        "mako": {
            "hashes": [
                "sha256:4e02fde57bd4abb5ec400181e4c314f56ac3e49ba4fb8b0d50bba18cb27d25ae"
            ],
            "version": "==1.0.7"
        },
        "markupsafe": {
            "hashes": [
                "sha256:a6be69091dac236ea9c6bc7d012beab42010fa914c459791d627dad4910eb665"
            ],
            "version": "==1.0"
        },
        "mimerender": {
            "hashes": [
                "sha256:e7f1377efee18c3f562cee54907a3329223c824332889fb74b745ddfd0a9b1c6"
            ],
            "version": "==0.6.0"
        },
        "multidict": {
            "hashes": [
                "sha256:05eeab69bf2b0664644c62bd92fabb045163e5b8d4376a31dfb52ce0210ced7b",
                "sha256:0c85880efa7cadb18e3b5eef0aa075dc9c0a3064cbbaef2e20be264b9cf47a64",
                "sha256:136f5a4a6a4adeacc4dc820b8b22f0a378fb74f326e259c54d1817639d1d40a0",
                "sha256:14906ad3347c7d03e9101749b16611cf2028547716d0840838d3c5e2b3b0f2d3",
                "sha256:1ade4a3b71b1bf9e90c5f3d034a87fe4949c087ef1f6cd727fdd766fe8bbd121",
                "sha256:22939a00a511a59f9ecc0158b8db728afef57975ce3782b3a265a319d05b9b12",
                "sha256:2b86b02d872bc5ba5b3a4530f6a7ba0b541458ab4f7c1429a12ac326231203f7",
                "sha256:3c11e92c3dfc321014e22fb442bc9eb70e01af30d6ce442026b0c35723448c66",
                "sha256:4ba3bd26f282b201fdbce351f1c5d17ceb224cbedb73d6e96e6ce391b354aacc",
                "sha256:4c6e78d042e93751f60672989efbd6a6bc54213ed7ff695fff82784bbb9ea035",
                "sha256:4d80d1901b89cc935a6cf5b9fd89df66565272722fe2e5473168927a9937e0ca",
                "sha256:4fcf71d33178a00cc34a57b29f5dab1734b9ce0f1c97fb34666deefac6f92037",
                "sha256:52f7670b41d4b4d97866ebc38121de8bcb9813128b7c4942b07794d08193c0ab",
                "sha256:5368e2b7649a26b7253c6c9e53241248aab9da49099442f5be238fde436f18c9",
                "sha256:5bb65fbb48999044938f0c0508e929b14a9b8bf4939d8263e9ea6691f7b54663",
                "sha256:60672bb5577472800fcca1ac9dae232d1461db9f20f055184be8ce54b0052572",
                "sha256:669e9be6d148fc0283f53e17dd140cde4dc7c87edac8319147edd5aa2a830771",
                "sha256:6a0b7a804e8d1716aa2c72e73210b48be83d25ba9ec5cf52cf91122285707bb1",
                "sha256:79034ea3da3cf2a815e3e52afdc1f6c1894468c98bdce5d2546fa2342585497f",
                "sha256:79247feeef6abcc11137ad17922e865052f23447152059402fc320f99ff544bb",
                "sha256:81671c2049e6bf42c7fd11a060f8bc58f58b7b3d6f3f951fc0b15e376a6a5a98",
                "sha256:82ac4a5cb56cc9280d4ae52c2d2ebcd6e0668dd0f9ef17f0a9d7c82bd61e24fa",
                "sha256:9436267dbbaa49dad18fbbb54f85386b0f5818d055e7b8e01d219661b6745279",
                "sha256:94e4140bb1343115a1afd6d84ebf8fca5fb7bfb50e1c2cbd6f2fb5d3117ef102",
                "sha256:a2cab366eae8a0ffe0813fd8e335cf0d6b9bb6c5227315f53bb457519b811537",
                "sha256:a596019c3eafb1b0ae07db9f55a08578b43c79adb1fe1ab1fd818430ae59ee6f",
                "sha256:e8848ae3cd6a784c29fae5055028bee9bffcc704d8bcad09bd46b42b44a833e2",
                "sha256:e8a048bfd7d5a280f27527d11449a509ddedf08b58a09a24314828631c099306",
                "sha256:f6dd28a0ac60e2426a6918f36f1b4e2620fc785a0de7654cd206ba842eee57fd"
            ],
            "markers": "python_version >= '3.4.1'",
            "version": "==4.4.2"
        },
        "opml": {
            "hashes": [
                "sha256:db1eef2a251b8af33e2eabb62baf922006dbd8c66c742931090e331a0362a770"
            ],
            "index": "pypi",
            "version": "==0.5"
        },
        "psycopg2": {
            "hashes": [
                "sha256:0b9e48a1c1505699a64ac58815ca99104aacace8321e455072cee4f7fe7b2698",
                "sha256:0f4c784e1b5a320efb434c66a50b8dd7e30a7dc047e8f45c0a8d2694bfe72781",
                "sha256:0fdbaa32c9eb09ef09d425dc154628fca6fa69d2f7c1a33f889abb7e0efb3909",
                "sha256:11fbf688d5c953c0a5ba625cc42dea9aeb2321942c7c5ed9341a68f865dc8cb1",
                "sha256:19eaac4eb25ab078bd0f28304a0cb08702d120caadfe76bb1e6846ed1f68635e",
                "sha256:3232ec1a3bf4dba97fbf9b03ce12e4b6c1d01ea3c85773903a67ced725728232",
                "sha256:36f8f9c216fcca048006f6dd60e4d3e6f406afde26cfb99e063f137070139eaf",
                "sha256:59c1a0e4f9abe970062ed35d0720935197800a7ef7a62b3a9e3a70588d9ca40b",
                "sha256:6506c5ff88750948c28d41852c09c5d2a49f51f28c6d90cbf1b6808e18c64e88",
                "sha256:6bc3e68ee16f571681b8c0b6d5c0a77bef3c589012352b3f0cf5520e674e9d01",
                "sha256:6dbbd7aabbc861eec6b910522534894d9dbb507d5819bc982032c3ea2e974f51",
                "sha256:6e737915de826650d1a5f7ff4ac6cf888a26f021a647390ca7bafdba0e85462b",
                "sha256:6ed9b2cfe85abc720e8943c1808eeffd41daa73e18b7c1e1a228b0b91f768ccc",
                "sha256:711ec617ba453fdfc66616db2520db3a6d9a891e3bf62ef9aba4c95bb4e61230",
                "sha256:844dacdf7530c5c612718cf12bc001f59b2d9329d35b495f1ff25045161aa6af",
                "sha256:86b52e146da13c896e50c5a3341a9448151f1092b1a4153e425d1e8b62fec508",
                "sha256:985c06c2a0f227131733ae58d6a541a5bc8b665e7305494782bebdb74202b793",
                "sha256:a86dfe45f4f9c55b1a2312ff20a59b30da8d39c0e8821d00018372a2a177098f",
                "sha256:aa3cd07f7f7e3183b63d48300666f920828a9dbd7d7ec53d450df2c4953687a9",
                "sha256:b1964ed645ef8317806d615d9ff006c0dadc09dfc54b99ae67f9ba7a1ec9d5d2",
                "sha256:b2abbff9e4141484bb89b96eb8eae186d77bc6d5ffbec6b01783ee5c3c467351",
                "sha256:cc33c3a90492e21713260095f02b12bee02b8d1f2c03a221d763ce04fa90e2e9",
                "sha256:d7de3bf0986d777807611c36e809b77a13bf1888f5c8db0ebf24b47a52d10726",
                "sha256:db5e3c52576cc5b93a959a03ccc3b02cb8f0af1fbbdc80645f7a215f0b864f3a",
                "sha256:e168aa795ffbb11379c942cf95bf813c7db9aa55538eb61de8c6815e092416f5",
                "sha256:e9ca911f8e2d3117e5241d5fa9aaa991cb22fb0792627eeada47425d706b5ec8",
                "sha256:eccf962d41ca46e6326b97c8fe0a6687b58dfc1a5f6540ed071ff1474cea749e",
                "sha256:efa19deae6b9e504a74347fe5e25c2cb9343766c489c2ae921b05f37338b18d1",
                "sha256:f4b0460a21f784abe17b496f66e74157a6c36116fa86da8bf6aa028b9e8ad5fe",
                "sha256:f93d508ca64d924d478fb11e272e09524698f0c581d9032e68958cfbdd41faef"
            ],
            "index": "pypi",
            "version": "==2.7.5"
        },
        "python-dateutil": {
            "hashes": [
                "sha256:063df5763652e21de43de7d9e00ccf239f953a832941e37be541614732cdfc93",
                "sha256:88f9287c0174266bb0d8cedd395cfba9c58e87e5ad86b2ce58859bc11be3cf02"
            ],
            "index": "pypi",
            "version": "==2.7.5"
        },
        "python-editor": {
            "hashes": [
                "sha256:a3c066acee22a1c94f63938341d4fb374e3fdd69366ed6603d7b24bed1efc565"
            ],
            "version": "==1.0.3"
        },
        "python-http-client": {
            "hashes": [
                "sha256:7e430f4b9dd2b621b0051f6a362f103447ea8e267594c602a5c502a0c694ee38"
            ],
            "version": "==3.1.0"
        },
        "python-mimeparse": {
            "hashes": [
                "sha256:76e4b03d700a641fd7761d3cd4fdbbdcd787eade1ebfac43f877016328334f78",
                "sha256:a295f03ff20341491bfe4717a39cd0a8cc9afad619ba44b77e86b0ab8a2b8282"
            ],
            "version": "==1.6.0"
        },
        "pytz": {
            "hashes": [
                "sha256:31cb35c89bd7d333cd32c5f278fca91b523b0834369e757f4c5641ea252236ca",
                "sha256:8e0f8568c118d3077b46be7d654cc8167fa916092e28320cde048e54bfc9f1e6"
            ],
            "version": "==2018.7"
        },
        "requests": {
            "hashes": [
                "sha256:99dcfdaaeb17caf6e526f32b6a7b780461512ab3f1d992187801694cba42770c",
                "sha256:a84b8c9ab6239b578f22d1c21d51b696dcfe004032bb80ea832398d6909d7279"
            ],
            "index": "pypi",
            "version": "==2.20.0"
        },
        "requests-futures": {
            "hashes": [
                "sha256:76a22b95723267b53d8cc50e54d00b98d95afa02fd8449501b07a3797f46a96d"
            ],
            "index": "pypi",
            "version": "==0.9.8"
        },
        "sendgrid": {
            "hashes": [
                "sha256:97eb356ea44a18a03e6fe99f02b7942445be306a50f73a7dd35471fe15cc0094",
                "sha256:9e9d3d75602b8853f174ec959d1af1ac168cd361cbcafc81285fa8c183f7a505"
            ],
            "index": "pypi",
            "version": "==5.6.0"
        },
        "six": {
            "hashes": [
                "sha256:70e8a77beed4562e7f14fe23a786b54f6296e34344c23bc42f07b15018ff98e9",
                "sha256:832dc0e10feb1aa2c68dcc57dbb658f1c7e65b9b61af69048abc87a2db00a0eb"
            ],
            "version": "==1.11.0"
        },
        "sqlalchemy": {
            "hashes": [
                "sha256:c5951d9ef1d5404ed04bae5a16b60a0779087378928f997a294d1229c6ca4d3e"
            ],
            "index": "pypi",
            "version": "==1.2.12"
        },
        "urllib3": {
            "hashes": [
                "sha256:41c3db2fc01e5b907288010dec72f9d0a74e37d6994e6eb56849f59fea2265ae",
                "sha256:8819bba37a02d143296a4d032373c4dd4aca11f6d4c9973335ca75f9c8475f59"
            ],
            "markers": "python_version != '3.3.*' and python_version != '3.2.*' and python_version >= '2.7' and python_version < '4' and python_version != '3.1.*' and python_version != '3.0.*'",
            "version": "==1.24"
        },
        "werkzeug": {
            "hashes": [
                "sha256:c3fd7a7d41976d9f44db327260e263132466836cef6f91512889ed60ad26557c",
                "sha256:d5da73735293558eb1651ee2fddc4d0dedcfa06538b8813a2e20011583c9e49b"
            ],
            "version": "==0.14.1"
        },
        "wtforms": {
            "hashes": [
                "sha256:0cdbac3e7f6878086c334aa25dc5a33869a3954e9d1e015130d65a69309b3b61",
                "sha256:e3ee092c827582c50877cdbd49e9ce6d2c5c1f6561f849b3b068c1b8029626f1"
            ],
            "index": "pypi",
            "version": "==2.2.1"
        },
        "yarl": {
            "hashes": [
                "sha256:2556b779125621b311844a072e0ed367e8409a18fa12cbd68eb1258d187820f9",
                "sha256:4aec0769f1799a9d4496827292c02a7b1f75c0bab56ab2b60dd94ebb57cbd5ee",
                "sha256:55369d95afaacf2fa6b49c84d18b51f1704a6560c432a0f9a1aeb23f7b971308",
                "sha256:6c098b85442c8fe3303e708bbb775afd0f6b29f77612e8892627bcab4b939357",
                "sha256:9182cd6f93412d32e009020a44d6d170d2093646464a88aeec2aef50592f8c78",
                "sha256:c8cbc21bbfa1dd7d5386d48cc814fe3d35b80f60299cdde9279046f399c3b0d8",
                "sha256:db6f70a4b09cde813a4807843abaaa60f3b15fb4a2a06f9ae9c311472662daa1",
                "sha256:f17495e6fe3d377e3faac68121caef6f974fcb9e046bc075bcff40d8e5cc69a4",
                "sha256:f85900b9cca0c67767bb61b2b9bd53208aaa7373dae633dbe25d179b4bf38aa7"
            ],
            "markers": "python_version >= '3.4.1'",
            "version": "==1.2.6"
        }
    },
    "develop": {}
}
